<?xml version="1.0" encoding="UTF-8" standalone="yes" ?>
<CodeBlocks_project_file>
	<FileVersion major="1" minor="6" />
	<Project>
		<Option title="wolfenstein_tower" />
		<Option pch_mode="2" />
		<Option compiler="gcc" />
		<Build>
			<Target title="Debug">
				<Option output="bin/Debug/wolfenstein_tower" prefix_auto="1" extension_auto="1" />
				<Option object_output="obj/Debug/" />
				<Option type="1" />
				<Option compiler="gcc" />
				<Compiler>
					<Add option="-g" />
				</Compiler>
			</Target>
			<Target title="Release">
				<Option output="bin/Release/wolfenstein_tower" prefix_auto="1" extension_auto="1" />
				<Option object_output="obj/Release/" />
				<Option type="1" />
				<Option compiler="gcc" />
				<Compiler>
					<Add option="-O2" />
				</Compiler>
				<Linker>
					<Add option="-s" />
				</Linker>
			</Target>
		</Build>
		<Compiler>
			<Add option="-Wall" />
			<Add directory="C:/CodeBlocks/sfml/include" />
		</Compiler>
		<Linker>
			<Add library="sfml-graphics" />
			<Add library="sfml-audio" />
			<Add library="sfml-window" />
			<Add library="sfml-system" />
			<Add directory="C:/CodeBlocks/sfml/lib" />
		</Linker>
		<Unit filename="Detekcija_trkov.cpp" />
		<Unit filename="Detekcija_trkov.h" />
		<Unit filename="Enemie.cpp" />
		<Unit filename="Enemie.h" />
		<Unit filename="Fizika.cpp" />
		<Unit filename="Fizika.h" />
		<Unit filename="Inicializator.cpp" />
		<Unit filename="Inicializator.h" />
		<Unit filename="Irisovalnik.cpp" />
		<Unit filename="Irisovalnik.h" />
		<Unit filename="Kontrolni_elementi.cpp" />
		<Unit filename="Kontrolni_elementi.h" />
		<Unit filename="Kontrolni_obraz.cpp" />
		<Unit filename="Kontrolni_obraz.h" />
		<Unit filename="Metek.cpp" />
		<Unit filename="Metek.h" />
		<Unit filename="Monkey.cpp" />
		<Unit filename="Monkey.h" />
		<Unit filename="Skrbnik_dogodkov.cpp" />
		<Unit filename="Skrbnik_dogodkov.h" />
		<Unit filename="Stopnja.cpp" />
		<Unit filename="Stopnja.h" />
		<Unit filename="Zeblji.cpp" />
		<Unit filename="Zeblji.h" />
		<Unit filename="main.cpp" />
		<Extensions>
			<code_completion />
			<envvars />
			<debugger />
			<lib_finder disable_auto="1" />
		</Extensions>
	</Project>
</CodeBlocks_project_file>
